# THIS IS AN AUTOGENERATED FILE. DO NOT EDIT THIS FILE DIRECTLY.
# yarn lockfile v1


"@next/env@12.3.1-canary.0":
  version "12.3.1-canary.0"
  resolved "https://registry.yarnpkg.com/@next/env/-/env-12.3.1-canary.0.tgz#6232a146894f003f866fdff67ff48ad5b97fc4f9"
  integrity sha512-W1eRfjNckMVB60gHeSM76gLLAKoWqzMPURa524Nn2+XvTbCKYJsjZjIFwtW1B/XYh2IyDcZ0GWtIDS8MF48gKg==

"@next/swc-android-arm-eabi@12.3.1-canary.0":
  version "12.3.1-canary.0"
  resolved "https://registry.yarnpkg.com/@next/swc-android-arm-eabi/-/swc-android-arm-eabi-12.3.1-canary.0.tgz#053fcc75ea843a45dd24bc2113479e7281630eb3"
  integrity sha512-WT7rAEXff+k3io5ZrhlgNFKvCGRQegzhjJIgy+2gEDD4+rm8htyqkm8gXXsf5lvoL9JYQDW/rw6Yona0ulGmJw==

"@next/swc-android-arm64@12.3.1-canary.0":
  version "12.3.1-canary.0"
  resolved "https://registry.yarnpkg.com/@next/swc-android-arm64/-/swc-android-arm64-12.3.1-canary.0.tgz#189d6acc2b78a0e95becb6664397e05ac1554556"
  integrity sha512-dqCP9LNbSMmYvqE9YwfltdX5PP+TV866Uv/ChRulm026e5VdH4pLychMofmJhAoxpILL9L7MK3nIH0jaqedFiA==

"@next/swc-darwin-arm64@12.3.1-canary.0":
  version "12.3.1-canary.0"
  resolved "https://registry.yarnpkg.com/@next/swc-darwin-arm64/-/swc-darwin-arm64-12.3.1-canary.0.tgz#b4da0e127572b2aea07cbc2c23820a3f88cd6acd"
  integrity sha512-Od6zaLkL3U9V+ccg8gsFMwWlQJii0lB3L84PPLrkRl90nbz9Z1fDneS5H+AnUS5SYWXKE9BfdRwGXG9kvi2xzA==

"@next/swc-darwin-x64@12.3.1-canary.0":
  version "12.3.1-canary.0"
  resolved "https://registry.yarnpkg.com/@next/swc-darwin-x64/-/swc-darwin-x64-12.3.1-canary.0.tgz#0e2216a6f2767180af02750da80b843113c60273"
  integrity sha512-UG3QjbR3K/BlUYvZG5YEpV1OjgVxwciQ6sV3EjFbrLechF3l7EMHgPvx9H0S1NgceVumjqTgmECFFINzfpEdqA==

"@next/swc-freebsd-x64@12.3.1-canary.0":
  version "12.3.1-canary.0"
  resolved "https://registry.yarnpkg.com/@next/swc-freebsd-x64/-/swc-freebsd-x64-12.3.1-canary.0.tgz#5e2bc5009332c71ff1e06cfecc05475d9b5e14c6"
  integrity sha512-kX6GoMWoUEnyWGsmL4KBmmN6BYSmq+akQF18Hm9SDt6TpPm1L63dgfFPmK+F7r23hcYjQPbNK+1FSN6SjwhcVw==

"@next/swc-linux-arm-gnueabihf@12.3.1-canary.0":
  version "12.3.1-canary.0"
  resolved "https://registry.yarnpkg.com/@next/swc-linux-arm-gnueabihf/-/swc-linux-arm-gnueabihf-12.3.1-canary.0.tgz#58503b241bc2c45a2670b2d50f9576a39a930b85"
  integrity sha512-uxrFGUGyBlgNu6Qdyo2TO1CxdC7aX9w5LQ1v0jkHefzdGTOx+JetjilEbiNBrOTCQlS87TIvq0WWeFq7dUyZmg==

"@next/swc-linux-arm64-gnu@12.3.1-canary.0":
  version "12.3.1-canary.0"
  resolved "https://registry.yarnpkg.com/@next/swc-linux-arm64-gnu/-/swc-linux-arm64-gnu-12.3.1-canary.0.tgz#1704f81030bc992d39ea7e1b7fb85c6525d2467f"
  integrity sha512-14fW1sSlXcTv8vwLLPXWbBYCL/nHoBpW0M1E0JF1oB8TggK4i12JV1BDCC3yWe0MVhhVEi+2MOvm3jmqRbIjCg==

"@next/swc-linux-arm64-musl@12.3.1-canary.0":
  version "12.3.1-canary.0"
  resolved "https://registry.yarnpkg.com/@next/swc-linux-arm64-musl/-/swc-linux-arm64-musl-12.3.1-canary.0.tgz#da79ed992ab53f46414f843f5bd0c27494657fd0"
  integrity sha512-foWkSsjT0/5Yjkl7YqoUiGAuCFjqK+q4xrnFwpy7jULHwVOn9V7hQfbXVir27XQlBVaDQWe1LbGFoItgVM19Kw==

"@next/swc-linux-x64-gnu@12.3.1-canary.0":
  version "12.3.1-canary.0"
  resolved "https://registry.yarnpkg.com/@next/swc-linux-x64-gnu/-/swc-linux-x64-gnu-12.3.1-canary.0.tgz#61f5206fe0bfd560b80944ce1ae801f600a6ff31"
  integrity sha512-uwYt6yPN1LFbo6rzWm9HW0E62Y9RxzCBkKTsktTMZYAMVTdXSVR96oBcDvD2nSMqWdIzXazKa8tr9Ojr15ZPew==

"@next/swc-linux-x64-musl@12.3.1-canary.0":
  version "12.3.1-canary.0"
  resolved "https://registry.yarnpkg.com/@next/swc-linux-x64-musl/-/swc-linux-x64-musl-12.3.1-canary.0.tgz#d6a800f630ce1d6a2983c95e1554a7c93673f70b"
  integrity sha512-O0hTnB63DBlshNhjrSL+P+Q+uC3rt9+pbNY43s1Zvdpu+rfFacQTrrBwwKM1VCRjAk2pKr+tR8dB5plHA4OgQQ==

"@next/swc-win32-arm64-msvc@12.3.1-canary.0":
  version "12.3.1-canary.0"
  resolved "https://registry.yarnpkg.com/@next/swc-win32-arm64-msvc/-/swc-win32-arm64-msvc-12.3.1-canary.0.tgz#523a69afe5503f21f5945ac3d532b72a7606c6b5"
  integrity sha512-ZYAu87xUwgAt2MZJfemlNizq7f/EFNQCce0PhbwHu6X8s5KHFyRmF+yUfMOGUBIhhg280YCiimPNa18lSK791g==

"@next/swc-win32-ia32-msvc@12.3.1-canary.0":
  version "12.3.1-canary.0"
  resolved "https://registry.yarnpkg.com/@next/swc-win32-ia32-msvc/-/swc-win32-ia32-msvc-12.3.1-canary.0.tgz#4513cd76439ac5e819ab085d4e79873908c01220"
  integrity sha512-lwySOUJJn68DBGzx21NT8yS9T1OCwDJuLh7oKGb/pEyxPa5DgeNQvA2hu7HcPAf35IZDygWdcoE9LNUqlgsNEA==

"@next/swc-win32-x64-msvc@12.3.1-canary.0":
  version "12.3.1-canary.0"
  resolved "https://registry.yarnpkg.com/@next/swc-win32-x64-msvc/-/swc-win32-x64-msvc-12.3.1-canary.0.tgz#63b59c4e61b56d113ea859157e240bd0e1c89388"
  integrity sha512-LXVWO9LqENX+jsIM1KmdeEuvOy47KzccSJD88xfNeQ03pl13BzA3/KLaO5boHE4DAEx6K8opX5OqEphSG776nQ==

"@octokit/auth-token@^3.0.0":
  version "3.0.1"
  resolved "https://registry.yarnpkg.com/@octokit/auth-token/-/auth-token-3.0.1.tgz#88bc2baf5d706cb258474e722a720a8365dff2ec"
  integrity sha512-/USkK4cioY209wXRpund6HZzHo9GmjakpV9ycOkpMcMxMk7QVcVFVyCMtzvXYiHsB2crgDgrtNYSELYFBXhhaA==
  dependencies:
    "@octokit/types" "^7.0.0"

"@octokit/core@4.0.5":
  version "4.0.5"
  resolved "https://registry.yarnpkg.com/@octokit/core/-/core-4.0.5.tgz#589e68c0a35d2afdcd41dafceab072c2fbc6ab5f"
  integrity sha512-4R3HeHTYVHCfzSAi0C6pbGXV8UDI5Rk+k3G7kLVNckswN9mvpOzW9oENfjfH3nEmzg8y3AmKmzs8Sg6pLCeOCA==
  dependencies:
    "@octokit/auth-token" "^3.0.0"
    "@octokit/graphql" "^5.0.0"
    "@octokit/request" "^6.0.0"
    "@octokit/request-error" "^3.0.0"
    "@octokit/types" "^7.0.0"
    before-after-hook "^2.2.0"
    universal-user-agent "^6.0.0"

"@octokit/endpoint@^7.0.0":
  version "7.0.2"
  resolved "https://registry.yarnpkg.com/@octokit/endpoint/-/endpoint-7.0.2.tgz#11ee868406ba7bb1642e61bbe676d641f79f02be"
  integrity sha512-8/AUACfE9vpRpehE6ZLfEtzkibe5nfsSwFZVMsG8qabqRt1M81qZYUFRZa1B8w8lP6cdfDJfRq9HWS+MbmR7tw==
  dependencies:
    "@octokit/types" "^7.0.0"
    is-plain-object "^5.0.0"
    universal-user-agent "^6.0.0"

"@octokit/graphql@^5.0.0":
  version "5.0.1"
  resolved "https://registry.yarnpkg.com/@octokit/graphql/-/graphql-5.0.1.tgz#a06982514ad131fb6fbb9da968653b2233fade9b"
  integrity sha512-sxmnewSwAixkP1TrLdE6yRG53eEhHhDTYUykUwdV9x8f91WcbhunIHk9x1PZLALdBZKRPUO2HRcm4kezZ79HoA==
  dependencies:
    "@octokit/request" "^6.0.0"
    "@octokit/types" "^7.0.0"
    universal-user-agent "^6.0.0"

"@octokit/openapi-types@^13.9.0":
  version "13.9.0"
  resolved "https://registry.yarnpkg.com/@octokit/openapi-types/-/openapi-types-13.9.0.tgz#847a31b174b44f33a09615a83bc20eeaa59e9ce0"
  integrity sha512-MOYjRyLIM0zzNb9RfEwVK6HLIc2nIF2OMVtMqiNOGbX0SHrQvQbI6X1K16ktmaHr8WUBv+eeul8cD9mz4rNiWQ==

"@octokit/request-error@^3.0.0":
  version "3.0.1"
  resolved "https://registry.yarnpkg.com/@octokit/request-error/-/request-error-3.0.1.tgz#3fd747913c06ab2195e52004a521889dadb4b295"
  integrity sha512-ym4Bp0HTP7F3VFssV88WD1ZyCIRoE8H35pXSKwLeMizcdZAYc/t6N9X9Yr9n6t3aG9IH75XDnZ6UeZph0vHMWQ==
  dependencies:
    "@octokit/types" "^7.0.0"
    deprecation "^2.0.0"
    once "^1.4.0"

"@octokit/request@^6.0.0":
  version "6.2.1"
  resolved "https://registry.yarnpkg.com/@octokit/request/-/request-6.2.1.tgz#3ceeb22dab09a29595d96594b6720fc14495cf4e"
  integrity sha512-gYKRCia3cpajRzDSU+3pt1q2OcuC6PK8PmFIyxZDWCzRXRSIBH8jXjFJ8ZceoygBIm0KsEUg4x1+XcYBz7dHPQ==
  dependencies:
    "@octokit/endpoint" "^7.0.0"
    "@octokit/request-error" "^3.0.0"
    "@octokit/types" "^7.0.0"
    is-plain-object "^5.0.0"
    node-fetch "^2.6.7"
    universal-user-agent "^6.0.0"

"@octokit/types@^7.0.0":
  version "7.3.0"
  resolved "https://registry.yarnpkg.com/@octokit/types/-/types-7.3.0.tgz#658f916c4a53b552a8f95f866589abae6dbfc7b5"
  integrity sha512-7Ar22AVxsJBYZuPkGQwFQybGt2YjuP6j6Z36bPntIYy3R9qSowB55mXOsb16hc0UqtJkYBrRMVXKlaX1OHsh1g==
  dependencies:
    "@octokit/openapi-types" "^13.9.0"

"@swc/helpers@0.4.11":
  version "0.4.11"
  resolved "https://registry.yarnpkg.com/@swc/helpers/-/helpers-0.4.11.tgz#db23a376761b3d31c26502122f349a21b592c8de"
  integrity sha512-rEUrBSGIoSFuYxwBYtlUFMlE2CwGhmW+w9355/5oduSw8e5h2+Tj4UrAGNNgP9915++wj5vkQo0UuOBqOAq4nw==
  dependencies:
    tslib "^2.4.0"

"@tanstack/query-core@4.2.3":
  version "4.2.3"
  resolved "https://registry.yarnpkg.com/@tanstack/query-core/-/query-core-4.2.3.tgz#52d75430c9662cc85c160761c1421de483c7791f"
  integrity sha512-zdt5lYWs1dZaA3IxJbCgtAfHZJScRZONpiLL7YkeOkrme5MfjQqTpjq7LYbzpyuwPOh2Jx68le0PLl57JFv5hQ==

"@tanstack/react-query@4.2.3":
  version "4.2.3"
  resolved "https://registry.yarnpkg.com/@tanstack/react-query/-/react-query-4.2.3.tgz#782fd0f84553ba6219f1137a12ea28ab8cd3a3f3"
  integrity sha512-JLaMOxoJTkiAu7QpevRCt2uI/0vd3E8K/rSlCuRgWlcW5DeJDFpDS5kfzmLO5MOcD97fgsJRrDbxDORxR1FdJA==
  dependencies:
    "@tanstack/query-core" "4.2.3"
    "@types/use-sync-external-store" "^0.0.3"
    use-sync-external-store "^1.2.0"

"@types/node@^18.0.0":
  version "18.7.16"
  resolved "https://registry.yarnpkg.com/@types/node/-/node-18.7.16.tgz#0eb3cce1e37c79619943d2fd903919fc30850601"
  integrity sha512-EQHhixfu+mkqHMZl1R2Ovuvn47PUw18azMJOTwSZr9/fhzHNGXAJ0ma0dayRVchprpCj0Kc1K1xKoWaATWF1qg==

"@types/prop-types@*":
  version "15.7.5"
  resolved "https://registry.yarnpkg.com/@types/prop-types/-/prop-types-15.7.5.tgz#5f19d2b85a98e9558036f6a3cacc8819420f05cf"
  integrity sha512-JCB8C6SnDoQf0cNycqd/35A7MjcnK+ZTqE7judS6o7utxUCg6imJg3QK2qzHKszlTjcj2cn+NwMB2i96ubpj7w==

"@types/react@^18.0.14":
  version "18.0.18"
  resolved "https://registry.yarnpkg.com/@types/react/-/react-18.0.18.tgz#9f16f33d57bc5d9dca848d12c3572110ff9429ac"
  integrity sha512-6hI08umYs6NaiHFEEGioXnxJ+oEhY3eRz8VCUaudZmGdtvPviCJB8mgaMxaDWAdPSYd4eFavrPk2QIolwbLYrg==
  dependencies:
    "@types/prop-types" "*"
    "@types/scheduler" "*"
    csstype "^3.0.2"

"@types/scheduler@*":
  version "0.16.2"
  resolved "https://registry.yarnpkg.com/@types/scheduler/-/scheduler-0.16.2.tgz#1a62f89525723dde24ba1b01b092bf5df8ad4d39"
  integrity sha512-hppQEBDmlwhFAXKJX2KnWLYu5yMfi91yazPb2l+lbJiwW+wdo1gNeRA+3RgNSO39WYX2euey41KEwnqesU2Jew==

"@types/use-sync-external-store@^0.0.3":
  version "0.0.3"
  resolved "https://registry.yarnpkg.com/@types/use-sync-external-store/-/use-sync-external-store-0.0.3.tgz#b6725d5f4af24ace33b36fafd295136e75509f43"
  integrity sha512-EwmlvuaxPNej9+T4v5AuBPJa2x2UOJVdjCtDHgcDqitUeOtjnJKJ+apYjVcAoBEMjKW1VVFGZLUb5+qqa09XFA==

asynckit@^0.4.0:
  version "0.4.0"
  resolved "https://registry.yarnpkg.com/asynckit/-/asynckit-0.4.0.tgz#c79ed97f7f34cb8f2ba1bc9790bcc366474b4b79"
  integrity sha512-Oei9OH4tRh0YqU3GxhX79dM/mwVgvbZJaSNaRk+bshkj0S5cfHcgYakreBjrHwatXKbz+IoIdYLxrKim2MjW0Q==

axios@0.27.2:
  version "0.27.2"
  resolved "https://registry.yarnpkg.com/axios/-/axios-0.27.2.tgz#207658cc8621606e586c85db4b41a750e756d972"
  integrity sha512-t+yRIyySRTp/wua5xEr+z1q60QmLq8ABsS5O9Me1AsE5dfKqgnCFzwiCZZ/cGNd1lq4/7akDWMxdhVlucjmnOQ==
  dependencies:
    follow-redirects "^1.14.9"
    form-data "^4.0.0"

before-after-hook@^2.2.0:
  version "2.2.2"
  resolved "https://registry.yarnpkg.com/before-after-hook/-/before-after-hook-2.2.2.tgz#a6e8ca41028d90ee2c24222f201c90956091613e"
  integrity sha512-3pZEU3NT5BFUo/AD5ERPWOgQOCZITni6iavr5AUw5AUwQjMlI0kzu5btnyD39AF0gUEsDPwJT+oY1ORBJijPjQ==

caniuse-lite@^1.0.30001332:
  version "1.0.30001393"
  resolved "https://registry.yarnpkg.com/caniuse-lite/-/caniuse-lite-1.0.30001393.tgz#1aa161e24fe6af2e2ccda000fc2b94be0b0db356"
  integrity sha512-N/od11RX+Gsk+1qY/jbPa0R6zJupEa0lxeBG598EbrtblxVCTJsQwbRBm6+V+rxpc5lHKdsXb9RY83cZIPLseA==

combined-stream@^1.0.8:
  version "1.0.8"
  resolved "https://registry.yarnpkg.com/combined-stream/-/combined-stream-1.0.8.tgz#c3d45a8b34fd730631a110a8a2520682b31d5a7f"
  integrity sha512-FQN4MRfuJeHf7cBbBMJFXhKSDq+2kAArBlmRBvcvFE5BB1HZKXtSFASDhdlz9zOYwxh8lDdnvmMOe/+5cdoEdg==
  dependencies:
    delayed-stream "~1.0.0"

csstype@^3.0.2:
  version "3.1.0"
  resolved "https://registry.yarnpkg.com/csstype/-/csstype-3.1.0.tgz#4ddcac3718d787cf9df0d1b7d15033925c8f29f2"
  integrity sha512-uX1KG+x9h5hIJsaKR9xHUeUraxf8IODOwq9JLNPq6BwB04a/xgpq3rcx47l5BZu5zBPlgD342tdke3Hom/nJRA==

delayed-stream@~1.0.0:
  version "1.0.0"
  resolved "https://registry.yarnpkg.com/delayed-stream/-/delayed-stream-1.0.0.tgz#df3ae199acadfb7d440aaae0b29e2272b24ec619"
  integrity sha512-ZySD7Nf91aLB0RxL4KGrKHBXl7Eds1DAmEdcoVawXnLD7SDhpNgtuII2aAkg7a7QS41jxPSZ17p4VdGnMHk3MQ==

deprecation@^2.0.0:
  version "2.3.1"
  resolved "https://registry.yarnpkg.com/deprecation/-/deprecation-2.3.1.tgz#6368cbdb40abf3373b525ac87e4a260c3a700919"
  integrity sha512-xmHIy4F3scKVwMsQ4WnVaS8bHOx0DmVwRywosKhaILI0ywMDWPtBSku2HNxRvF7jtwDRsoEwYQSfbxj8b7RlJQ==

follow-redirects@^1.14.9:
  version "1.15.1"
  resolved "https://registry.yarnpkg.com/follow-redirects/-/follow-redirects-1.15.1.tgz#0ca6a452306c9b276e4d3127483e29575e207ad5"
  integrity sha512-yLAMQs+k0b2m7cVxpS1VKJVvoz7SS9Td1zss3XRwXj+ZDH00RJgnuLx7E44wx02kQLrdM3aOOy+FpzS7+8OizA==

form-data@^4.0.0:
  version "4.0.0"
  resolved "https://registry.yarnpkg.com/form-data/-/form-data-4.0.0.tgz#93919daeaf361ee529584b9b31664dc12c9fa452"
  integrity sha512-ETEklSGi5t0QMZuiXoA/Q6vcnxcLQP5vdugSpuAyi6SVGi2clPPp+xgEhuMaHC+zGgn31Kd235W35f7Hykkaww==
  dependencies:
    asynckit "^0.4.0"
    combined-stream "^1.0.8"
    mime-types "^2.1.12"

is-plain-object@^5.0.0:
  version "5.0.0"
  resolved "https://registry.yarnpkg.com/is-plain-object/-/is-plain-object-5.0.0.tgz#4427f50ab3429e9025ea7d52e9043a9ef4159344"
  integrity sha512-VRSzKkbMm5jMDoKLbltAkFQ5Qr7VDiTFGXxYFXXowVj387GeGNOCsOH6Msy00SGZ3Fp84b1Naa1psqgcCIEP5Q==

"js-tokens@^3.0.0 || ^4.0.0":
  version "4.0.0"
  resolved "https://registry.yarnpkg.com/js-tokens/-/js-tokens-4.0.0.tgz#19203fb59991df98e3a287050d4647cdeaf32499"
  integrity sha512-RdJUflcE3cUzKiMqQgsCu06FPu9UdIJO0beYbPhHN4k6apgJtifcoCtT9bcxOpYBtpD2kCM6Sbzg4CausW/PKQ==

loose-envify@^1.1.0:
  version "1.4.0"
  resolved "https://registry.yarnpkg.com/loose-envify/-/loose-envify-1.4.0.tgz#71ee51fa7be4caec1a63839f7e682d8132d30caf"
  integrity sha512-lyuxPGr/Wfhrlem2CL/UcnUc1zcqKAImBDzukY7Y5F/yQiNdko6+fRLevlw1HgMySw7f611UIY408EtxRSoK3Q==
  dependencies:
    js-tokens "^3.0.0 || ^4.0.0"

mime-db@1.52.0:
  version "1.52.0"
  resolved "https://registry.yarnpkg.com/mime-db/-/mime-db-1.52.0.tgz#bbabcdc02859f4987301c856e3387ce5ec43bf70"
  integrity sha512-sPU4uV7dYlvtWJxwwxHD0PuihVNiE7TyAbQ5SWxDCB9mUYvOgroQOwYQQOKPJ8CIbE+1ETVlOoK1UC2nU3gYvg==

mime-types@^2.1.12:
  version "2.1.35"
  resolved "https://registry.yarnpkg.com/mime-types/-/mime-types-2.1.35.tgz#381a871b62a734450660ae3deee44813f70d959a"
  integrity sha512-ZDY+bPm5zTTF+YpCrAU9nK0UgICYPT0QtT1NZWFv4s++TNkcgVaT0g6+4R2uI4MjQjzysHB1zxuWL50hzaeXiw==
  dependencies:
    mime-db "1.52.0"

nanoid@^3.3.4:
  version "3.3.4"
  resolved "https://registry.yarnpkg.com/nanoid/-/nanoid-3.3.4.tgz#730b67e3cd09e2deacf03c027c81c9d9dbc5e8ab"
  integrity sha512-MqBkQh/OHTS2egovRtLk45wEyNXwF+cokD+1YPf9u5VfJiRdAiRwB2froX5Co9Rh20xs4siNPm8naNotSD6RBw==

next@canary:
  version "12.3.1-canary.0"
  resolved "https://registry.yarnpkg.com/next/-/next-12.3.1-canary.0.tgz#df04c89d95fc1a0fc83f9aa08a134fecfef8068c"
  integrity sha512-yjcqgGtX6+LlgTRM6wQMlQcYgPlIM2rX3U0FzGw5Yy7MG31vPrVzhybD1wYznCaFE6sye6IyUWlMfqgojbrfag==
  dependencies:
    "@next/env" "12.3.1-canary.0"
    "@swc/helpers" "0.4.11"
    caniuse-lite "^1.0.30001332"
    postcss "8.4.14"
    styled-jsx "5.0.6"
    use-sync-external-store "1.2.0"
  optionalDependencies:
    "@next/swc-android-arm-eabi" "12.3.1-canary.0"
    "@next/swc-android-arm64" "12.3.1-canary.0"
    "@next/swc-darwin-arm64" "12.3.1-canary.0"
    "@next/swc-darwin-x64" "12.3.1-canary.0"
    "@next/swc-freebsd-x64" "12.3.1-canary.0"
    "@next/swc-linux-arm-gnueabihf" "12.3.1-canary.0"
    "@next/swc-linux-arm64-gnu" "12.3.1-canary.0"
    "@next/swc-linux-arm64-musl" "12.3.1-canary.0"
    "@next/swc-linux-x64-gnu" "12.3.1-canary.0"
    "@next/swc-linux-x64-musl" "12.3.1-canary.0"
    "@next/swc-win32-arm64-msvc" "12.3.1-canary.0"
    "@next/swc-win32-ia32-msvc" "12.3.1-canary.0"
    "@next/swc-win32-x64-msvc" "12.3.1-canary.0"

node-fetch@^2.6.7:
  version "2.6.7"
  resolved "https://registry.yarnpkg.com/node-fetch/-/node-fetch-2.6.7.tgz#24de9fba827e3b4ae44dc8b20256a379160052ad"
  integrity sha512-ZjMPFEfVx5j+y2yF35Kzx5sF7kDzxuDj6ziH4FFbOp87zKDZNx8yExJIb05OGF4Nlt9IHFIMBkRl41VdvcNdbQ==
  dependencies:
    whatwg-url "^5.0.0"

once@^1.4.0:
  version "1.4.0"
  resolved "https://registry.yarnpkg.com/once/-/once-1.4.0.tgz#583b1aa775961d4b113ac17d9c50baef9dd76bd1"
  integrity sha512-lNaJgI+2Q5URQBkccEKHTQOPaXdUxnZZElQTZY0MFUAuaEqe1E+Nyvgdz/aIyNi6Z9MzO5dv1H8n58/GELp3+w==
  dependencies:
    wrappy "1"

picocolors@^1.0.0:
  version "1.0.0"
  resolved "https://registry.yarnpkg.com/picocolors/-/picocolors-1.0.0.tgz#cb5bdc74ff3f51892236eaf79d68bc44564ab81c"
  integrity sha512-1fygroTLlHu66zi26VoTDv8yRgm0Fccecssto+MhsZ0D/DGW2sm8E8AjW7NU5VVTRt5GxbeZ5qBuJr+HyLYkjQ==

postcss@8.4.14:
  version "8.4.14"
  resolved "https://registry.yarnpkg.com/postcss/-/postcss-8.4.14.tgz#ee9274d5622b4858c1007a74d76e42e56fd21caf"
  integrity sha512-E398TUmfAYFPBSdzgeieK2Y1+1cpdxJx8yXbK/m57nRhKSmk1GB2tO4lbLBtlkfPQTDKfe4Xqv1ASWPpayPEig==
  dependencies:
    nanoid "^3.3.4"
    picocolors "^1.0.0"
    source-map-js "^1.0.2"

react-dom@^18.2.0:
  version "18.2.0"
  resolved "https://registry.yarnpkg.com/react-dom/-/react-dom-18.2.0.tgz#22aaf38708db2674ed9ada224ca4aa708d821e3d"
  integrity sha512-6IMTriUmvsjHUjNtEDudZfuDQUoWXVxKHhlEGSk81n4YFS+r/Kl99wXiwlVXtPBtJenozv2P+hxDsw9eA7Xo6g==
  dependencies:
    loose-envify "^1.1.0"
    scheduler "^0.23.0"

react@^18.2.0:
  version "18.2.0"
  resolved "https://registry.yarnpkg.com/react/-/react-18.2.0.tgz#555bd98592883255fa00de14f1151a917b5d77d5"
  integrity sha512-/3IjMdb2L9QbBdWiW5e3P2/npwMBaU9mHCSCUzNln0ZCYbcfTsGbTJrU/kGemdH2IWmB2ioZ+zkxtmq6g09fGQ==
  dependencies:
    loose-envify "^1.1.0"

scheduler@^0.23.0:
  version "0.23.0"
  resolved "https://registry.yarnpkg.com/scheduler/-/scheduler-0.23.0.tgz#ba8041afc3d30eb206a487b6b384002e4e61fdfe"
  integrity sha512-CtuThmgHNg7zIZWAXi3AsyIzA3n4xx7aNyjwC2VJldO2LMVDhFK+63xGqq6CsJH4rTAt6/M+N4GhZiDYPx9eUw==
  dependencies:
    loose-envify "^1.1.0"

source-map-js@^1.0.2:
  version "1.0.2"
  resolved "https://registry.yarnpkg.com/source-map-js/-/source-map-js-1.0.2.tgz#adbc361d9c62df380125e7f161f71c826f1e490c"
  integrity sha512-R0XvVJ9WusLiqTCEiGCmICCMplcCkIwwR11mOSD9CR5u+IXYdiseeEuXCVAjS54zqwkLcPNnmU4OeJ6tUrWhDw==

styled-jsx@5.0.6:
  version "5.0.6"
  resolved "https://registry.yarnpkg.com/styled-jsx/-/styled-jsx-5.0.6.tgz#fa684790a9cc3badded14badea163418fe568f77"
  integrity sha512-xOeROtkK5MGMDimBQ3J6iPId8q0t/BDoG5XN6oKkZClVz9ISF/hihN8OCn2LggMU6N32aXnrXBdn3auSqNS9fA==

tr46@~0.0.3:
  version "0.0.3"
  resolved "https://registry.yarnpkg.com/tr46/-/tr46-0.0.3.tgz#8184fd347dac9cdc185992f3a6622e14b9d9ab6a"
  integrity sha512-N3WMsuqV66lT30CrXNbEjx4GEwlow3v6rr4mCcv6prnfwhS01rkgyFdjPNBYd9br7LpXV1+Emh01fHnq2Gdgrw==

tslib@^2.4.0:
  version "2.4.0"
  resolved "https://registry.yarnpkg.com/tslib/-/tslib-2.4.0.tgz#7cecaa7f073ce680a05847aa77be941098f36dc3"
  integrity sha512-d6xOpEDfsi2CZVlPQzGeux8XMwLT9hssAsaPYExaQMuYskwb+x1x7J371tWlbBdWHroy99KnVB6qIkUbs5X3UQ==

typescript@^4.7.4:
  version "4.8.3"
  resolved "https://registry.yarnpkg.com/typescript/-/typescript-4.8.3.tgz#d59344522c4bc464a65a730ac695007fdb66dd88"
  integrity sha512-goMHfm00nWPa8UvR/CPSvykqf6dVV8x/dp0c5mFTMTIu0u0FlGWRioyy7Nn0PGAdHxpJZnuO/ut+PpQ8UiHAig==

universal-user-agent@^6.0.0:
  version "6.0.0"
  resolved "https://registry.yarnpkg.com/universal-user-agent/-/universal-user-agent-6.0.0.tgz#3381f8503b251c0d9cd21bc1de939ec9df5480ee"
  integrity sha512-isyNax3wXoKaulPDZWHQqbmIx1k2tb9fb3GGDBRxCscfYV2Ch7WxPArBsFEG8s/safwXTT7H4QGhaIkTp9447w==

use-sync-external-store@1.2.0, use-sync-external-store@^1.2.0:
  version "1.2.0"
  resolved "https://registry.yarnpkg.com/use-sync-external-store/-/use-sync-external-store-1.2.0.tgz#7dbefd6ef3fe4e767a0cf5d7287aacfb5846928a"
  integrity sha512-eEgnFxGQ1Ife9bzYs6VLi8/4X6CObHMw9Qr9tPY43iKwsPw8xE8+EFsf/2cFZ5S3esXgpWgtSCtLNS41F+sKPA==

webidl-conversions@^3.0.0:
  version "3.0.1"
  resolved "https://registry.yarnpkg.com/webidl-conversions/-/webidl-conversions-3.0.1.tgz#24534275e2a7bc6be7bc86611cc16ae0a5654871"
  integrity sha512-2JAn3z8AR6rjK8Sm8orRC0h/bcl/DqL7tRPdGZ4I1CjdF+EaMLmYxBHyXuKL849eucPFhvBoxMsflfOb8kxaeQ==

whatwg-url@^5.0.0:
  version "5.0.0"
  resolved "https://registry.yarnpkg.com/whatwg-url/-/whatwg-url-5.0.0.tgz#966454e8765462e37644d3626f6742ce8b70965d"
  integrity sha512-saE57nupxk6v3HY35+jzBwYa0rKSy0XR8JSxZPwgLr7ys0IBzhGviA1/TUGJLmSVqs8pb9AnvICXEuOHLprYTw==
  dependencies:
    tr46 "~0.0.3"
    webidl-conversions "^3.0.0"

wrappy@1:
  version "1.0.2"
  resolved "https://registry.yarnpkg.com/wrappy/-/wrappy-1.0.2.tgz#b5243d8f3ec1aa35f1364605bc0d1036e30ab69f"
  integrity sha512-l4Sp/DRseor9wL6EvV2+TuQn63dMkPjZ/sp9XkghTEbV9KlPS1xUsZ3u7/IQO4wxtcFB4bgpQPRcR3QCvezPcQ==
